
Microsoft Visual Studio Solution File, Format Version 12.00
# Visual Studio 15
VisualStudioVersion = 15.0.28307.2092
MinimumVisualStudioVersion = 10.0.40219.1
Project("{FAE04EC0-301F-11D3-BF4B-00C04F79EFBC}") = "timer_app", "timer_app\timer_app.csproj", "{C14908CA-37E2-49AD-B780-CD896C08EA05}"
EndProject
Global
	GlobalSection(SolutionConfigurationPlatforms) = preSolution
		Debug|Any CPU = Debug|Any CPU
		Release|Any CPU = Release|Any CPU
	EndGlobalSection
	GlobalSection(ProjectConfigurationPlatforms) = postSolution
		{C14908CA-37E2-49AD-B780-CD896C08EA05}.Debug|Any CPU.ActiveCfg = Debug|Any CPU
		{C14908CA-37E2-49AD-B780-CD896C08EA05}.Debug|Any CPU.Build.0 = Debug|Any CPU
		{C14908CA-37E2-49AD-B780-CD896C08EA05}.Release|Any CPU.ActiveCfg = Release|Any CPU
		{C14908CA-37E2-49AD-B780-CD896C08EA05}.Release|Any CPU.Build.0 = Release|Any CPU
	EndGlobalSection
	GlobalSection(SolutionProperties) = preSolution
		HideSolutionNode = FALSE
	EndGlobalSection
	GlobalSection(ExtensibilityGlobals) = postSolution
		SolutionGuid = {B66F796A-1EEF-40F5-A4C7-A27A6EA5F709}
	EndGlobalSection
EndGlobal
