
Microsoft Visual Studio Solution File, Format Version 12.00
# Visual Studio 15
VisualStudioVersion = 15.0.28307.2092
MinimumVisualStudioVersion = 10.0.40219.1
Project("{FAE04EC0-301F-11D3-BF4B-00C04F79EFBC}") = "calculator", "calculator\calculator.csproj", "{0AD8BAEF-AE58-4034-BD98-6DB88388D665}"
EndProject
Global
	GlobalSection(SolutionConfigurationPlatforms) = preSolution
		Debug|Any CPU = Debug|Any CPU
		Release|Any CPU = Release|Any CPU
	EndGlobalSection
	GlobalSection(ProjectConfigurationPlatforms) = postSolution
		{0AD8BAEF-AE58-4034-BD98-6DB88388D665}.Debug|Any CPU.ActiveCfg = Debug|Any CPU
		{0AD8BAEF-AE58-4034-BD98-6DB88388D665}.Debug|Any CPU.Build.0 = Debug|Any CPU
		{0AD8BAEF-AE58-4034-BD98-6DB88388D665}.Release|Any CPU.ActiveCfg = Release|Any CPU
		{0AD8BAEF-AE58-4034-BD98-6DB88388D665}.Release|Any CPU.Build.0 = Release|Any CPU
	EndGlobalSection
	GlobalSection(SolutionProperties) = preSolution
		HideSolutionNode = FALSE
	EndGlobalSection
	GlobalSection(ExtensibilityGlobals) = postSolution
		SolutionGuid = {8C5968F0-4095-4D38-B375-DE4FB7A7D1BE}
	EndGlobalSection
EndGlobal
